
Microsoft Visual Studio Solution File, Format Version 12.00
# Visual Studio Version 16
VisualStudioVersion = 16.0.31321.278
MinimumVisualStudioVersion = 10.0.40219.1
Project("{9A19103F-16F7-4668-BE54-9A1E7A4F7556}") = "GS.API", "GS.API\GS.API.csproj", "{65A0D29A-56DB-4920-ADCB-FFDF00AAB471}"
EndProject
Project("{9A19103F-16F7-4668-BE54-9A1E7A4F7556}") = "GS.MVC", "GS.MVC\GS.MVC.csproj", "{C80EB87D-5FD1-405D-8D54-C026F0B775BF}"
EndProject
Project("{9A19103F-16F7-4668-BE54-9A1E7A4F7556}") = "GS.Web", "GS.Web\GS.Web.csproj", "{BBBB566F-8F47-4C58-B343-C3A7E9FD2FA6}"
EndProject
Project("{9A19103F-16F7-4668-BE54-9A1E7A4F7556}") = "GS.WIN", "GS.WIN\GS.WIN.csproj", "{7A5E4A34-EF3D-487B-AAE8-640C0F5E99F3}"
EndProject
Project("{FAE04EC0-301F-11D3-BF4B-00C04F79EFBC}") = "GS.DAT", "GS.DAT\GS.DAT.csproj", "{1A9F6C6D-8550-4B05-ADA7-0B00A0565E86}"
EndProject
Global
	GlobalSection(SolutionConfigurationPlatforms) = preSolution
		Debug|Any CPU = Debug|Any CPU
		Release|Any CPU = Release|Any CPU
	EndGlobalSection
	GlobalSection(ProjectConfigurationPlatforms) = postSolution
		{65A0D29A-56DB-4920-ADCB-FFDF00AAB471}.Debug|Any CPU.ActiveCfg = Debug|Any CPU
		{65A0D29A-56DB-4920-ADCB-FFDF00AAB471}.Debug|Any CPU.Build.0 = Debug|Any CPU
		{65A0D29A-56DB-4920-ADCB-FFDF00AAB471}.Release|Any CPU.ActiveCfg = Release|Any CPU
		{65A0D29A-56DB-4920-ADCB-FFDF00AAB471}.Release|Any CPU.Build.0 = Release|Any CPU
		{C80EB87D-5FD1-405D-8D54-C026F0B775BF}.Debug|Any CPU.ActiveCfg = Debug|Any CPU
		{C80EB87D-5FD1-405D-8D54-C026F0B775BF}.Debug|Any CPU.Build.0 = Debug|Any CPU
		{C80EB87D-5FD1-405D-8D54-C026F0B775BF}.Release|Any CPU.ActiveCfg = Release|Any CPU
		{C80EB87D-5FD1-405D-8D54-C026F0B775BF}.Release|Any CPU.Build.0 = Release|Any CPU
		{BBBB566F-8F47-4C58-B343-C3A7E9FD2FA6}.Debug|Any CPU.ActiveCfg = Debug|Any CPU
		{BBBB566F-8F47-4C58-B343-C3A7E9FD2FA6}.Debug|Any CPU.Build.0 = Debug|Any CPU
		{BBBB566F-8F47-4C58-B343-C3A7E9FD2FA6}.Release|Any CPU.ActiveCfg = Release|Any CPU
		{BBBB566F-8F47-4C58-B343-C3A7E9FD2FA6}.Release|Any CPU.Build.0 = Release|Any CPU
		{7A5E4A34-EF3D-487B-AAE8-640C0F5E99F3}.Debug|Any CPU.ActiveCfg = Debug|Any CPU
		{7A5E4A34-EF3D-487B-AAE8-640C0F5E99F3}.Debug|Any CPU.Build.0 = Debug|Any CPU
		{7A5E4A34-EF3D-487B-AAE8-640C0F5E99F3}.Release|Any CPU.ActiveCfg = Release|Any CPU
		{7A5E4A34-EF3D-487B-AAE8-640C0F5E99F3}.Release|Any CPU.Build.0 = Release|Any CPU
		{1A9F6C6D-8550-4B05-ADA7-0B00A0565E86}.Debug|Any CPU.ActiveCfg = Debug|Any CPU
		{1A9F6C6D-8550-4B05-ADA7-0B00A0565E86}.Debug|Any CPU.Build.0 = Debug|Any CPU
		{1A9F6C6D-8550-4B05-ADA7-0B00A0565E86}.Release|Any CPU.ActiveCfg = Release|Any CPU
		{1A9F6C6D-8550-4B05-ADA7-0B00A0565E86}.Release|Any CPU.Build.0 = Release|Any CPU
	EndGlobalSection
	GlobalSection(SolutionProperties) = preSolution
		HideSolutionNode = FALSE
	EndGlobalSection
	GlobalSection(ExtensibilityGlobals) = postSolution
		SolutionGuid = {50B3CB9A-2397-400B-945F-3F1CD0C5ABDE}
	EndGlobalSection
EndGlobal
